
Microsoft Visual Studio Solution File, Format Version 12.00
# Visual Studio Version 17
VisualStudioVersion = 17.9.34607.119
MinimumVisualStudioVersion = 10.0.40219.1
Project("{9A19103F-16F7-4668-BE54-9A1E7A4F7556}") = "FloralFusion.API", "FloralFusion.API\FloralFusion.API.csproj", "{175726DB-8A06-445D-825E-03856FC1EC38}"
EndProject
Project("{9A19103F-16F7-4668-BE54-9A1E7A4F7556}") = "FloralFusion.Domain", "FloralFusion.Domain\FloralFusion.Domain.csproj", "{99F6C8A6-77E4-41E2-890A-B5C950240DB0}"
EndProject
Project("{9A19103F-16F7-4668-BE54-9A1E7A4F7556}") = "FloralFusion.Infrastructure", "FloralFusion.Infrastructure\FloralFusion.Infrastructure.csproj", "{C9FFA509-CF44-45E9-B5F6-F5863C2CFB98}"
EndProject
Project("{FAE04EC0-301F-11D3-BF4B-00C04F79EFBC}") = "FloralFusion.Application", "FloralFusion.Application\FloralFusion.Application.csproj", "{57302206-DD83-496A-A914-2591EF03749D}"
EndProject
Project("{FAE04EC0-301F-11D3-BF4B-00C04F79EFBC}") = "FloralFusion.Persistanse", "FloralFusion.Persistanse\FloralFusion.Persistanse.csproj", "{78173DF2-78FA-42B3-A72E-C96C6B47C2AA}"
EndProject
Global
	GlobalSection(SolutionConfigurationPlatforms) = preSolution
		Debug|Any CPU = Debug|Any CPU
		Release|Any CPU = Release|Any CPU
	EndGlobalSection
	GlobalSection(ProjectConfigurationPlatforms) = postSolution
		{175726DB-8A06-445D-825E-03856FC1EC38}.Debug|Any CPU.ActiveCfg = Debug|Any CPU
		{175726DB-8A06-445D-825E-03856FC1EC38}.Debug|Any CPU.Build.0 = Debug|Any CPU
		{175726DB-8A06-445D-825E-03856FC1EC38}.Release|Any CPU.ActiveCfg = Release|Any CPU
		{175726DB-8A06-445D-825E-03856FC1EC38}.Release|Any CPU.Build.0 = Release|Any CPU
		{99F6C8A6-77E4-41E2-890A-B5C950240DB0}.Debug|Any CPU.ActiveCfg = Debug|Any CPU
		{99F6C8A6-77E4-41E2-890A-B5C950240DB0}.Debug|Any CPU.Build.0 = Debug|Any CPU
		{99F6C8A6-77E4-41E2-890A-B5C950240DB0}.Release|Any CPU.ActiveCfg = Release|Any CPU
		{99F6C8A6-77E4-41E2-890A-B5C950240DB0}.Release|Any CPU.Build.0 = Release|Any CPU
		{C9FFA509-CF44-45E9-B5F6-F5863C2CFB98}.Debug|Any CPU.ActiveCfg = Debug|Any CPU
		{C9FFA509-CF44-45E9-B5F6-F5863C2CFB98}.Debug|Any CPU.Build.0 = Debug|Any CPU
		{C9FFA509-CF44-45E9-B5F6-F5863C2CFB98}.Release|Any CPU.ActiveCfg = Release|Any CPU
		{C9FFA509-CF44-45E9-B5F6-F5863C2CFB98}.Release|Any CPU.Build.0 = Release|Any CPU
		{57302206-DD83-496A-A914-2591EF03749D}.Debug|Any CPU.ActiveCfg = Debug|Any CPU
		{57302206-DD83-496A-A914-2591EF03749D}.Debug|Any CPU.Build.0 = Debug|Any CPU
		{57302206-DD83-496A-A914-2591EF03749D}.Release|Any CPU.ActiveCfg = Release|Any CPU
		{57302206-DD83-496A-A914-2591EF03749D}.Release|Any CPU.Build.0 = Release|Any CPU
		{78173DF2-78FA-42B3-A72E-C96C6B47C2AA}.Debug|Any CPU.ActiveCfg = Debug|Any CPU
		{78173DF2-78FA-42B3-A72E-C96C6B47C2AA}.Debug|Any CPU.Build.0 = Debug|Any CPU
		{78173DF2-78FA-42B3-A72E-C96C6B47C2AA}.Release|Any CPU.ActiveCfg = Release|Any CPU
		{78173DF2-78FA-42B3-A72E-C96C6B47C2AA}.Release|Any CPU.Build.0 = Release|Any CPU
	EndGlobalSection
	GlobalSection(SolutionProperties) = preSolution
		HideSolutionNode = FALSE
	EndGlobalSection
	GlobalSection(ExtensibilityGlobals) = postSolution
		SolutionGuid = {0080EBCC-AE8E-41CB-B465-42127F926A74}
	EndGlobalSection
EndGlobal
